
Microsoft Visual Studio Solution File, Format Version 12.00
# Visual Studio Version 17
VisualStudioVersion = 17.0.31903.59
MinimumVisualStudioVersion = 10.0.40219.1
Project("{2150E333-8FDC-42A3-9474-1A3956D46DE8}") = "src", "src", "{CFF195CB-EDE6-46FD-BE80-A3B4F70F3E5C}"
	ProjectSection(SolutionItems) = preProject
		src\Directory.Build.props = src\Directory.Build.props
	EndProjectSection
EndProject
Project("{2150E333-8FDC-42A3-9474-1A3956D46DE8}") = "tests", "tests", "{884725A7-A9E2-4BB6-BF44-FAA123B5315C}"
	ProjectSection(SolutionItems) = preProject
		tests\Directory.Build.props = tests\Directory.Build.props
	EndProjectSection
EndProject
Project("{2150E333-8FDC-42A3-9474-1A3956D46DE8}") = "Solution Items", "Solution Items", "{0E47A246-AFC3-4BDB-96DF-A4951882BA26}"
	ProjectSection(SolutionItems) = preProject
		.editorconfig = .editorconfig
		Directory.Packages.props = Directory.Packages.props
		LICENSE.md = LICENSE.md
		README.md = README.md
		stylecop.json = stylecop.json
		Directory.Build.props = Directory.Build.props
	EndProjectSection
EndProject
Project("{2150E333-8FDC-42A3-9474-1A3956D46DE8}") = "services", "services", "{918F71F0-739B-4749-A9A2-34F41799FFB6}"
EndProject
Project("{2150E333-8FDC-42A3-9474-1A3956D46DE8}") = "buildingblocks", "buildingblocks", "{971C1557-D6C7-46FD-8B68-7DCF8762571D}"
	ProjectSection(SolutionItems) = preProject
		src\buildingblocks\Directory.Build.props = src\buildingblocks\Directory.Build.props
	EndProjectSection
EndProject
Project("{9A19103F-16F7-4668-BE54-9A1E7A4F7556}") = "Teck.Shop.SharedKernel.Core", "src\buildingblocks\Teck.Shop.SharedKernel.Core\Teck.Shop.SharedKernel.Core.csproj", "{3AB95CA7-EC16-4068-A9C8-7E19141F4EF0}"
EndProject
Project("{9A19103F-16F7-4668-BE54-9A1E7A4F7556}") = "Teck.Shop.SharedKernel.Infrastructure", "src\buildingblocks\Teck.Shop.SharedKernel.Infrastructure\Teck.Shop.SharedKernel.Infrastructure.csproj", "{3376E3D4-4314-4FAF-92B7-C0D7B95C7C55}"
EndProject
Project("{9A19103F-16F7-4668-BE54-9A1E7A4F7556}") = "Teck.Shop.SharedKernel.Persistence", "src\buildingblocks\Teck.Shop.SharedKernel.Persistence\Teck.Shop.SharedKernel.Persistence.csproj", "{D7080C06-35C9-4ED6-8C5C-C6AEED4423B1}"
EndProject
Project("{9A19103F-16F7-4668-BE54-9A1E7A4F7556}") = "Catalog.Api", "src\services\catalog\Catalog.Api\Catalog.Api.csproj", "{6C2069E4-A4B5-4929-A34D-D0D3F0F2614F}"
EndProject
Project("{9A19103F-16F7-4668-BE54-9A1E7A4F7556}") = "Catalog.Domain", "src\services\catalog\Catalog.Domain\Catalog.Domain.csproj", "{368EA70D-0258-4CED-AEF7-F8865D2BFE8E}"
EndProject
Project("{9A19103F-16F7-4668-BE54-9A1E7A4F7556}") = "Catalog.Application", "src\services\catalog\Catalog.Application\Catalog.Application.csproj", "{813E1FF6-1D77-4F05-8A46-C1A07D23D6FD}"
EndProject
Project("{9A19103F-16F7-4668-BE54-9A1E7A4F7556}") = "Catalog.Infrastructure", "src\services\catalog\Catalog.Infrastructure\Catalog.Infrastructure.csproj", "{773F7463-CA46-41E0-8572-1262C096B2B2}"
EndProject
Project("{2150E333-8FDC-42A3-9474-1A3956D46DE8}") = "catalog", "catalog", "{26C891A7-17A2-47AE-AFA1-D3647EC98F23}"
	ProjectSection(SolutionItems) = preProject
		src\services\catalog\Directory.Build.props = src\services\catalog\Directory.Build.props
	EndProjectSection
EndProject
Project("{2150E333-8FDC-42A3-9474-1A3956D46DE8}") = "services", "services", "{7B8322C9-A73A-4E2D-98EF-3D661E4C009C}"
EndProject
Project("{2150E333-8FDC-42A3-9474-1A3956D46DE8}") = "catalog", "catalog", "{D03AFC4C-0EC2-461C-AB18-E02843DD7101}"
EndProject
Project("{9A19103F-16F7-4668-BE54-9A1E7A4F7556}") = "Catalog.Application.UnitTests", "tests\services\catalog\Catalog.Application.UnitTests\Catalog.Application.UnitTests.csproj", "{C2D3383A-AE7C-4745-95F4-13C909BA6ABD}"
EndProject
Project("{E53339B2-1760-4266-BCC7-CA923CBCF16C}") = "docker-compose", "docker-compose.dcproj", "{A5F173C4-900A-43D9-BAF7-79F73755F8F0}"
EndProject
Project("{2150E333-8FDC-42A3-9474-1A3956D46DE8}") = "gateways", "gateways", "{FDBC17A7-D435-49F0-906D-A46A3C7E101F}"
	ProjectSection(SolutionItems) = preProject
		src\gateways\Directory.Build.props = src\gateways\Directory.Build.props
	EndProjectSection
EndProject
Project("{9A19103F-16F7-4668-BE54-9A1E7A4F7556}") = "Teck.Shop.SharedKernel.Events", "src\buildingblocks\Teck.Shop.SharedKernel.Events\Teck.Shop.SharedKernel.Events.csproj", "{E860E5E5-AF46-4A55-8146-444CDD697E1D}"
EndProject
Project("{9A19103F-16F7-4668-BE54-9A1E7A4F7556}") = "Catalog.Arch.UnitTests", "tests\services\catalog\Catalog.Architecture.UnitTests\Catalog.Arch.UnitTests.csproj", "{067C126F-389F-4654-8F38-A141CF07268D}"
EndProject
Project("{2150E333-8FDC-42A3-9474-1A3956D46DE8}") = "aspire", "aspire", "{6323262A-BB2A-49F0-BB99-9C84D9B63710}"
EndProject
Project("{9A19103F-16F7-4668-BE54-9A1E7A4F7556}") = "TeckShop.AppHost", "src\aspire\TeckShop.AppHost\TeckShop.AppHost.csproj", "{4CEBB570-26F9-4336-8D2B-6A81B4C22BE9}"
EndProject
Project("{9A19103F-16F7-4668-BE54-9A1E7A4F7556}") = "TeckShop.ServiceDefaults", "src\aspire\TeckShop.ServiceDefaults\TeckShop.ServiceDefaults.csproj", "{E1F84EFF-FF59-4026-8F75-2AA8A5BFCF92}"
EndProject
Project("{9A19103F-16F7-4668-BE54-9A1E7A4F7556}") = "Catalog.MigrationService", "src\services\catalog\Catalog.MigrationService\Catalog.MigrationService.csproj", "{1BF1371C-9148-4CD6-8C5A-77DED2D719E5}"
EndProject
Project("{FAE04EC0-301F-11D3-BF4B-00C04F79EFBC}") = "Yarp.Gateway.Public", "src\gateways\Yarp.Gateway.Public\Yarp.Gateway.Public.csproj", "{001B5C16-B865-021F-E6FD-FDDA80DFDB28}"
EndProject
Project("{2150E333-8FDC-42A3-9474-1A3956D46DE8}") = "architectures", "architectures", "{0A6ABBC3-1029-7714-C9E4-5E8DA0543FF4}"
EndProject
Project("{FAE04EC0-301F-11D3-BF4B-00C04F79EFBC}") = "Teck.Shop.Architectures.UnitTests", "tests\architecture\Teck.Shop.Architecture.UnitTests\Teck.Shop.Architectures.UnitTests.csproj", "{A44B2FFF-4569-4EE5-8D71-4048E3455A90}"
EndProject
Project("{FAE04EC0-301F-11D3-BF4B-00C04F79EFBC}") = "Catalog.Domain.UnitTests", "tests\services\catalog\Catalog.Domain.UnitTests\Catalog.Domain.UnitTests.csproj", "{E5F8479D-D51E-4244-97AC-F11B3BB0FDB2}"
EndProject
Global
	GlobalSection(SolutionConfigurationPlatforms) = preSolution
		Debug|Any CPU = Debug|Any CPU
		Debug|x64 = Debug|x64
		Debug|x86 = Debug|x86
		Release|Any CPU = Release|Any CPU
		Release|x64 = Release|x64
		Release|x86 = Release|x86
	EndGlobalSection
	GlobalSection(ProjectConfigurationPlatforms) = postSolution
		{3AB95CA7-EC16-4068-A9C8-7E19141F4EF0}.Debug|Any CPU.ActiveCfg = Debug|Any CPU
		{3AB95CA7-EC16-4068-A9C8-7E19141F4EF0}.Debug|Any CPU.Build.0 = Debug|Any CPU
		{3AB95CA7-EC16-4068-A9C8-7E19141F4EF0}.Debug|x64.ActiveCfg = Debug|Any CPU
		{3AB95CA7-EC16-4068-A9C8-7E19141F4EF0}.Debug|x64.Build.0 = Debug|Any CPU
		{3AB95CA7-EC16-4068-A9C8-7E19141F4EF0}.Debug|x86.ActiveCfg = Debug|Any CPU
		{3AB95CA7-EC16-4068-A9C8-7E19141F4EF0}.Debug|x86.Build.0 = Debug|Any CPU
		{3AB95CA7-EC16-4068-A9C8-7E19141F4EF0}.Release|Any CPU.ActiveCfg = Release|Any CPU
		{3AB95CA7-EC16-4068-A9C8-7E19141F4EF0}.Release|Any CPU.Build.0 = Release|Any CPU
		{3AB95CA7-EC16-4068-A9C8-7E19141F4EF0}.Release|x64.ActiveCfg = Release|Any CPU
		{3AB95CA7-EC16-4068-A9C8-7E19141F4EF0}.Release|x64.Build.0 = Release|Any CPU
		{3AB95CA7-EC16-4068-A9C8-7E19141F4EF0}.Release|x86.ActiveCfg = Release|Any CPU
		{3AB95CA7-EC16-4068-A9C8-7E19141F4EF0}.Release|x86.Build.0 = Release|Any CPU
		{3376E3D4-4314-4FAF-92B7-C0D7B95C7C55}.Debug|Any CPU.ActiveCfg = Debug|Any CPU
		{3376E3D4-4314-4FAF-92B7-C0D7B95C7C55}.Debug|Any CPU.Build.0 = Debug|Any CPU
		{3376E3D4-4314-4FAF-92B7-C0D7B95C7C55}.Debug|x64.ActiveCfg = Debug|Any CPU
		{3376E3D4-4314-4FAF-92B7-C0D7B95C7C55}.Debug|x64.Build.0 = Debug|Any CPU
		{3376E3D4-4314-4FAF-92B7-C0D7B95C7C55}.Debug|x86.ActiveCfg = Debug|Any CPU
		{3376E3D4-4314-4FAF-92B7-C0D7B95C7C55}.Debug|x86.Build.0 = Debug|Any CPU
		{3376E3D4-4314-4FAF-92B7-C0D7B95C7C55}.Release|Any CPU.ActiveCfg = Release|Any CPU
		{3376E3D4-4314-4FAF-92B7-C0D7B95C7C55}.Release|Any CPU.Build.0 = Release|Any CPU
		{3376E3D4-4314-4FAF-92B7-C0D7B95C7C55}.Release|x64.ActiveCfg = Release|Any CPU
		{3376E3D4-4314-4FAF-92B7-C0D7B95C7C55}.Release|x64.Build.0 = Release|Any CPU
		{3376E3D4-4314-4FAF-92B7-C0D7B95C7C55}.Release|x86.ActiveCfg = Release|Any CPU
		{3376E3D4-4314-4FAF-92B7-C0D7B95C7C55}.Release|x86.Build.0 = Release|Any CPU
		{D7080C06-35C9-4ED6-8C5C-C6AEED4423B1}.Debug|Any CPU.ActiveCfg = Debug|Any CPU
		{D7080C06-35C9-4ED6-8C5C-C6AEED4423B1}.Debug|Any CPU.Build.0 = Debug|Any CPU
		{D7080C06-35C9-4ED6-8C5C-C6AEED4423B1}.Debug|x64.ActiveCfg = Debug|Any CPU
		{D7080C06-35C9-4ED6-8C5C-C6AEED4423B1}.Debug|x64.Build.0 = Debug|Any CPU
		{D7080C06-35C9-4ED6-8C5C-C6AEED4423B1}.Debug|x86.ActiveCfg = Debug|Any CPU
		{D7080C06-35C9-4ED6-8C5C-C6AEED4423B1}.Debug|x86.Build.0 = Debug|Any CPU
		{D7080C06-35C9-4ED6-8C5C-C6AEED4423B1}.Release|Any CPU.ActiveCfg = Release|Any CPU
		{D7080C06-35C9-4ED6-8C5C-C6AEED4423B1}.Release|Any CPU.Build.0 = Release|Any CPU
		{D7080C06-35C9-4ED6-8C5C-C6AEED4423B1}.Release|x64.ActiveCfg = Release|Any CPU
		{D7080C06-35C9-4ED6-8C5C-C6AEED4423B1}.Release|x64.Build.0 = Release|Any CPU
		{D7080C06-35C9-4ED6-8C5C-C6AEED4423B1}.Release|x86.ActiveCfg = Release|Any CPU
		{D7080C06-35C9-4ED6-8C5C-C6AEED4423B1}.Release|x86.Build.0 = Release|Any CPU
		{6C2069E4-A4B5-4929-A34D-D0D3F0F2614F}.Debug|Any CPU.ActiveCfg = Debug|Any CPU
		{6C2069E4-A4B5-4929-A34D-D0D3F0F2614F}.Debug|Any CPU.Build.0 = Debug|Any CPU
		{6C2069E4-A4B5-4929-A34D-D0D3F0F2614F}.Debug|x64.ActiveCfg = Debug|Any CPU
		{6C2069E4-A4B5-4929-A34D-D0D3F0F2614F}.Debug|x64.Build.0 = Debug|Any CPU
		{6C2069E4-A4B5-4929-A34D-D0D3F0F2614F}.Debug|x86.ActiveCfg = Debug|Any CPU
		{6C2069E4-A4B5-4929-A34D-D0D3F0F2614F}.Debug|x86.Build.0 = Debug|Any CPU
		{6C2069E4-A4B5-4929-A34D-D0D3F0F2614F}.Release|Any CPU.ActiveCfg = Release|Any CPU
		{6C2069E4-A4B5-4929-A34D-D0D3F0F2614F}.Release|Any CPU.Build.0 = Release|Any CPU
		{6C2069E4-A4B5-4929-A34D-D0D3F0F2614F}.Release|x64.ActiveCfg = Release|Any CPU
		{6C2069E4-A4B5-4929-A34D-D0D3F0F2614F}.Release|x64.Build.0 = Release|Any CPU
		{6C2069E4-A4B5-4929-A34D-D0D3F0F2614F}.Release|x86.ActiveCfg = Release|Any CPU
		{6C2069E4-A4B5-4929-A34D-D0D3F0F2614F}.Release|x86.Build.0 = Release|Any CPU
		{368EA70D-0258-4CED-AEF7-F8865D2BFE8E}.Debug|Any CPU.ActiveCfg = Debug|Any CPU
		{368EA70D-0258-4CED-AEF7-F8865D2BFE8E}.Debug|Any CPU.Build.0 = Debug|Any CPU
		{368EA70D-0258-4CED-AEF7-F8865D2BFE8E}.Debug|x64.ActiveCfg = Debug|Any CPU
		{368EA70D-0258-4CED-AEF7-F8865D2BFE8E}.Debug|x64.Build.0 = Debug|Any CPU
		{368EA70D-0258-4CED-AEF7-F8865D2BFE8E}.Debug|x86.ActiveCfg = Debug|Any CPU
		{368EA70D-0258-4CED-AEF7-F8865D2BFE8E}.Debug|x86.Build.0 = Debug|Any CPU
		{368EA70D-0258-4CED-AEF7-F8865D2BFE8E}.Release|Any CPU.ActiveCfg = Release|Any CPU
		{368EA70D-0258-4CED-AEF7-F8865D2BFE8E}.Release|Any CPU.Build.0 = Release|Any CPU
		{368EA70D-0258-4CED-AEF7-F8865D2BFE8E}.Release|x64.ActiveCfg = Release|Any CPU
		{368EA70D-0258-4CED-AEF7-F8865D2BFE8E}.Release|x64.Build.0 = Release|Any CPU
		{368EA70D-0258-4CED-AEF7-F8865D2BFE8E}.Release|x86.ActiveCfg = Release|Any CPU
		{368EA70D-0258-4CED-AEF7-F8865D2BFE8E}.Release|x86.Build.0 = Release|Any CPU
		{813E1FF6-1D77-4F05-8A46-C1A07D23D6FD}.Debug|Any CPU.ActiveCfg = Debug|Any CPU
		{813E1FF6-1D77-4F05-8A46-C1A07D23D6FD}.Debug|Any CPU.Build.0 = Debug|Any CPU
		{813E1FF6-1D77-4F05-8A46-C1A07D23D6FD}.Debug|x64.ActiveCfg = Debug|Any CPU
		{813E1FF6-1D77-4F05-8A46-C1A07D23D6FD}.Debug|x64.Build.0 = Debug|Any CPU
		{813E1FF6-1D77-4F05-8A46-C1A07D23D6FD}.Debug|x86.ActiveCfg = Debug|Any CPU
		{813E1FF6-1D77-4F05-8A46-C1A07D23D6FD}.Debug|x86.Build.0 = Debug|Any CPU
		{813E1FF6-1D77-4F05-8A46-C1A07D23D6FD}.Release|Any CPU.ActiveCfg = Release|Any CPU
		{813E1FF6-1D77-4F05-8A46-C1A07D23D6FD}.Release|Any CPU.Build.0 = Release|Any CPU
		{813E1FF6-1D77-4F05-8A46-C1A07D23D6FD}.Release|x64.ActiveCfg = Release|Any CPU
		{813E1FF6-1D77-4F05-8A46-C1A07D23D6FD}.Release|x64.Build.0 = Release|Any CPU
		{813E1FF6-1D77-4F05-8A46-C1A07D23D6FD}.Release|x86.ActiveCfg = Release|Any CPU
		{813E1FF6-1D77-4F05-8A46-C1A07D23D6FD}.Release|x86.Build.0 = Release|Any CPU
		{773F7463-CA46-41E0-8572-1262C096B2B2}.Debug|Any CPU.ActiveCfg = Debug|Any CPU
		{773F7463-CA46-41E0-8572-1262C096B2B2}.Debug|Any CPU.Build.0 = Debug|Any CPU
		{773F7463-CA46-41E0-8572-1262C096B2B2}.Debug|x64.ActiveCfg = Debug|Any CPU
		{773F7463-CA46-41E0-8572-1262C096B2B2}.Debug|x64.Build.0 = Debug|Any CPU
		{773F7463-CA46-41E0-8572-1262C096B2B2}.Debug|x86.ActiveCfg = Debug|Any CPU
		{773F7463-CA46-41E0-8572-1262C096B2B2}.Debug|x86.Build.0 = Debug|Any CPU
		{773F7463-CA46-41E0-8572-1262C096B2B2}.Release|Any CPU.ActiveCfg = Release|Any CPU
		{773F7463-CA46-41E0-8572-1262C096B2B2}.Release|Any CPU.Build.0 = Release|Any CPU
		{773F7463-CA46-41E0-8572-1262C096B2B2}.Release|x64.ActiveCfg = Release|Any CPU
		{773F7463-CA46-41E0-8572-1262C096B2B2}.Release|x64.Build.0 = Release|Any CPU
		{773F7463-CA46-41E0-8572-1262C096B2B2}.Release|x86.ActiveCfg = Release|Any CPU
		{773F7463-CA46-41E0-8572-1262C096B2B2}.Release|x86.Build.0 = Release|Any CPU
		{C2D3383A-AE7C-4745-95F4-13C909BA6ABD}.Debug|Any CPU.ActiveCfg = Debug|Any CPU
		{C2D3383A-AE7C-4745-95F4-13C909BA6ABD}.Debug|Any CPU.Build.0 = Debug|Any CPU
		{C2D3383A-AE7C-4745-95F4-13C909BA6ABD}.Debug|x64.ActiveCfg = Debug|Any CPU
		{C2D3383A-AE7C-4745-95F4-13C909BA6ABD}.Debug|x64.Build.0 = Debug|Any CPU
		{C2D3383A-AE7C-4745-95F4-13C909BA6ABD}.Debug|x86.ActiveCfg = Debug|Any CPU
		{C2D3383A-AE7C-4745-95F4-13C909BA6ABD}.Debug|x86.Build.0 = Debug|Any CPU
		{C2D3383A-AE7C-4745-95F4-13C909BA6ABD}.Release|Any CPU.ActiveCfg = Release|Any CPU
		{C2D3383A-AE7C-4745-95F4-13C909BA6ABD}.Release|Any CPU.Build.0 = Release|Any CPU
		{C2D3383A-AE7C-4745-95F4-13C909BA6ABD}.Release|x64.ActiveCfg = Release|Any CPU
		{C2D3383A-AE7C-4745-95F4-13C909BA6ABD}.Release|x64.Build.0 = Release|Any CPU
		{C2D3383A-AE7C-4745-95F4-13C909BA6ABD}.Release|x86.ActiveCfg = Release|Any CPU
		{C2D3383A-AE7C-4745-95F4-13C909BA6ABD}.Release|x86.Build.0 = Release|Any CPU
		{A5F173C4-900A-43D9-BAF7-79F73755F8F0}.Debug|Any CPU.ActiveCfg = Debug|Any CPU
		{A5F173C4-900A-43D9-BAF7-79F73755F8F0}.Debug|Any CPU.Build.0 = Debug|Any CPU
		{A5F173C4-900A-43D9-BAF7-79F73755F8F0}.Debug|x64.ActiveCfg = Debug|x64
		{A5F173C4-900A-43D9-BAF7-79F73755F8F0}.Debug|x86.ActiveCfg = Debug|x86
		{A5F173C4-900A-43D9-BAF7-79F73755F8F0}.Release|Any CPU.ActiveCfg = Release|Any CPU
		{A5F173C4-900A-43D9-BAF7-79F73755F8F0}.Release|Any CPU.Build.0 = Release|Any CPU
		{A5F173C4-900A-43D9-BAF7-79F73755F8F0}.Release|x64.ActiveCfg = Release|x64
		{A5F173C4-900A-43D9-BAF7-79F73755F8F0}.Release|x86.ActiveCfg = Release|x86
		{E860E5E5-AF46-4A55-8146-444CDD697E1D}.Debug|Any CPU.ActiveCfg = Debug|Any CPU
		{E860E5E5-AF46-4A55-8146-444CDD697E1D}.Debug|Any CPU.Build.0 = Debug|Any CPU
		{E860E5E5-AF46-4A55-8146-444CDD697E1D}.Debug|x64.ActiveCfg = Debug|Any CPU
		{E860E5E5-AF46-4A55-8146-444CDD697E1D}.Debug|x64.Build.0 = Debug|Any CPU
		{E860E5E5-AF46-4A55-8146-444CDD697E1D}.Debug|x86.ActiveCfg = Debug|Any CPU
		{E860E5E5-AF46-4A55-8146-444CDD697E1D}.Debug|x86.Build.0 = Debug|Any CPU
		{E860E5E5-AF46-4A55-8146-444CDD697E1D}.Release|Any CPU.ActiveCfg = Release|Any CPU
		{E860E5E5-AF46-4A55-8146-444CDD697E1D}.Release|Any CPU.Build.0 = Release|Any CPU
		{E860E5E5-AF46-4A55-8146-444CDD697E1D}.Release|x64.ActiveCfg = Release|Any CPU
		{E860E5E5-AF46-4A55-8146-444CDD697E1D}.Release|x64.Build.0 = Release|Any CPU
		{E860E5E5-AF46-4A55-8146-444CDD697E1D}.Release|x86.ActiveCfg = Release|Any CPU
		{E860E5E5-AF46-4A55-8146-444CDD697E1D}.Release|x86.Build.0 = Release|Any CPU
		{067C126F-389F-4654-8F38-A141CF07268D}.Debug|Any CPU.ActiveCfg = Debug|Any CPU
		{067C126F-389F-4654-8F38-A141CF07268D}.Debug|Any CPU.Build.0 = Debug|Any CPU
		{067C126F-389F-4654-8F38-A141CF07268D}.Debug|x64.ActiveCfg = Debug|Any CPU
		{067C126F-389F-4654-8F38-A141CF07268D}.Debug|x64.Build.0 = Debug|Any CPU
		{067C126F-389F-4654-8F38-A141CF07268D}.Debug|x86.ActiveCfg = Debug|Any CPU
		{067C126F-389F-4654-8F38-A141CF07268D}.Debug|x86.Build.0 = Debug|Any CPU
		{067C126F-389F-4654-8F38-A141CF07268D}.Release|Any CPU.ActiveCfg = Release|Any CPU
		{067C126F-389F-4654-8F38-A141CF07268D}.Release|Any CPU.Build.0 = Release|Any CPU
		{067C126F-389F-4654-8F38-A141CF07268D}.Release|x64.ActiveCfg = Release|Any CPU
		{067C126F-389F-4654-8F38-A141CF07268D}.Release|x64.Build.0 = Release|Any CPU
		{067C126F-389F-4654-8F38-A141CF07268D}.Release|x86.ActiveCfg = Release|Any CPU
		{067C126F-389F-4654-8F38-A141CF07268D}.Release|x86.Build.0 = Release|Any CPU
		{4CEBB570-26F9-4336-8D2B-6A81B4C22BE9}.Debug|Any CPU.ActiveCfg = Debug|Any CPU
		{4CEBB570-26F9-4336-8D2B-6A81B4C22BE9}.Debug|Any CPU.Build.0 = Debug|Any CPU
		{4CEBB570-26F9-4336-8D2B-6A81B4C22BE9}.Debug|x64.ActiveCfg = Debug|Any CPU
		{4CEBB570-26F9-4336-8D2B-6A81B4C22BE9}.Debug|x64.Build.0 = Debug|Any CPU
		{4CEBB570-26F9-4336-8D2B-6A81B4C22BE9}.Debug|x86.ActiveCfg = Debug|Any CPU
		{4CEBB570-26F9-4336-8D2B-6A81B4C22BE9}.Debug|x86.Build.0 = Debug|Any CPU
		{4CEBB570-26F9-4336-8D2B-6A81B4C22BE9}.Release|Any CPU.ActiveCfg = Release|Any CPU
		{4CEBB570-26F9-4336-8D2B-6A81B4C22BE9}.Release|Any CPU.Build.0 = Release|Any CPU
		{4CEBB570-26F9-4336-8D2B-6A81B4C22BE9}.Release|x64.ActiveCfg = Release|Any CPU
		{4CEBB570-26F9-4336-8D2B-6A81B4C22BE9}.Release|x64.Build.0 = Release|Any CPU
		{4CEBB570-26F9-4336-8D2B-6A81B4C22BE9}.Release|x86.ActiveCfg = Release|Any CPU
		{4CEBB570-26F9-4336-8D2B-6A81B4C22BE9}.Release|x86.Build.0 = Release|Any CPU
		{E1F84EFF-FF59-4026-8F75-2AA8A5BFCF92}.Debug|Any CPU.ActiveCfg = Debug|Any CPU
		{E1F84EFF-FF59-4026-8F75-2AA8A5BFCF92}.Debug|Any CPU.Build.0 = Debug|Any CPU
		{E1F84EFF-FF59-4026-8F75-2AA8A5BFCF92}.Debug|x64.ActiveCfg = Debug|Any CPU
		{E1F84EFF-FF59-4026-8F75-2AA8A5BFCF92}.Debug|x64.Build.0 = Debug|Any CPU
		{E1F84EFF-FF59-4026-8F75-2AA8A5BFCF92}.Debug|x86.ActiveCfg = Debug|Any CPU
		{E1F84EFF-FF59-4026-8F75-2AA8A5BFCF92}.Debug|x86.Build.0 = Debug|Any CPU
		{E1F84EFF-FF59-4026-8F75-2AA8A5BFCF92}.Release|Any CPU.ActiveCfg = Release|Any CPU
		{E1F84EFF-FF59-4026-8F75-2AA8A5BFCF92}.Release|Any CPU.Build.0 = Release|Any CPU
		{E1F84EFF-FF59-4026-8F75-2AA8A5BFCF92}.Release|x64.ActiveCfg = Release|Any CPU
		{E1F84EFF-FF59-4026-8F75-2AA8A5BFCF92}.Release|x64.Build.0 = Release|Any CPU
		{E1F84EFF-FF59-4026-8F75-2AA8A5BFCF92}.Release|x86.ActiveCfg = Release|Any CPU
		{E1F84EFF-FF59-4026-8F75-2AA8A5BFCF92}.Release|x86.Build.0 = Release|Any CPU
		{1BF1371C-9148-4CD6-8C5A-77DED2D719E5}.Debug|Any CPU.ActiveCfg = Debug|Any CPU
		{1BF1371C-9148-4CD6-8C5A-77DED2D719E5}.Debug|Any CPU.Build.0 = Debug|Any CPU
		{1BF1371C-9148-4CD6-8C5A-77DED2D719E5}.Debug|x64.ActiveCfg = Debug|Any CPU
		{1BF1371C-9148-4CD6-8C5A-77DED2D719E5}.Debug|x64.Build.0 = Debug|Any CPU
		{1BF1371C-9148-4CD6-8C5A-77DED2D719E5}.Debug|x86.ActiveCfg = Debug|Any CPU
		{1BF1371C-9148-4CD6-8C5A-77DED2D719E5}.Debug|x86.Build.0 = Debug|Any CPU
		{1BF1371C-9148-4CD6-8C5A-77DED2D719E5}.Release|Any CPU.ActiveCfg = Release|Any CPU
		{1BF1371C-9148-4CD6-8C5A-77DED2D719E5}.Release|Any CPU.Build.0 = Release|Any CPU
		{1BF1371C-9148-4CD6-8C5A-77DED2D719E5}.Release|x64.ActiveCfg = Release|Any CPU
		{1BF1371C-9148-4CD6-8C5A-77DED2D719E5}.Release|x64.Build.0 = Release|Any CPU
		{1BF1371C-9148-4CD6-8C5A-77DED2D719E5}.Release|x86.ActiveCfg = Release|Any CPU
		{1BF1371C-9148-4CD6-8C5A-77DED2D719E5}.Release|x86.Build.0 = Release|Any CPU
		{001B5C16-B865-021F-E6FD-FDDA80DFDB28}.Debug|Any CPU.ActiveCfg = Debug|Any CPU
		{001B5C16-B865-021F-E6FD-FDDA80DFDB28}.Debug|Any CPU.Build.0 = Debug|Any CPU
		{001B5C16-B865-021F-E6FD-FDDA80DFDB28}.Debug|x64.ActiveCfg = Debug|Any CPU
		{001B5C16-B865-021F-E6FD-FDDA80DFDB28}.Debug|x64.Build.0 = Debug|Any CPU
		{001B5C16-B865-021F-E6FD-FDDA80DFDB28}.Debug|x86.ActiveCfg = Debug|Any CPU
		{001B5C16-B865-021F-E6FD-FDDA80DFDB28}.Debug|x86.Build.0 = Debug|Any CPU
		{001B5C16-B865-021F-E6FD-FDDA80DFDB28}.Release|Any CPU.ActiveCfg = Release|Any CPU
		{001B5C16-B865-021F-E6FD-FDDA80DFDB28}.Release|Any CPU.Build.0 = Release|Any CPU
		{001B5C16-B865-021F-E6FD-FDDA80DFDB28}.Release|x64.ActiveCfg = Release|Any CPU
		{001B5C16-B865-021F-E6FD-FDDA80DFDB28}.Release|x64.Build.0 = Release|Any CPU
		{001B5C16-B865-021F-E6FD-FDDA80DFDB28}.Release|x86.ActiveCfg = Release|Any CPU
		{001B5C16-B865-021F-E6FD-FDDA80DFDB28}.Release|x86.Build.0 = Release|Any CPU
		{A44B2FFF-4569-4EE5-8D71-4048E3455A90}.Debug|Any CPU.ActiveCfg = Debug|Any CPU
		{A44B2FFF-4569-4EE5-8D71-4048E3455A90}.Debug|Any CPU.Build.0 = Debug|Any CPU
		{A44B2FFF-4569-4EE5-8D71-4048E3455A90}.Debug|x64.ActiveCfg = Debug|Any CPU
		{A44B2FFF-4569-4EE5-8D71-4048E3455A90}.Debug|x64.Build.0 = Debug|Any CPU
		{A44B2FFF-4569-4EE5-8D71-4048E3455A90}.Debug|x86.ActiveCfg = Debug|Any CPU
		{A44B2FFF-4569-4EE5-8D71-4048E3455A90}.Debug|x86.Build.0 = Debug|Any CPU
		{A44B2FFF-4569-4EE5-8D71-4048E3455A90}.Release|Any CPU.ActiveCfg = Release|Any CPU
		{A44B2FFF-4569-4EE5-8D71-4048E3455A90}.Release|Any CPU.Build.0 = Release|Any CPU
		{A44B2FFF-4569-4EE5-8D71-4048E3455A90}.Release|x64.ActiveCfg = Release|Any CPU
		{A44B2FFF-4569-4EE5-8D71-4048E3455A90}.Release|x64.Build.0 = Release|Any CPU
		{A44B2FFF-4569-4EE5-8D71-4048E3455A90}.Release|x86.ActiveCfg = Release|Any CPU
		{A44B2FFF-4569-4EE5-8D71-4048E3455A90}.Release|x86.Build.0 = Release|Any CPU
		{E5F8479D-D51E-4244-97AC-F11B3BB0FDB2}.Debug|Any CPU.ActiveCfg = Debug|Any CPU
		{E5F8479D-D51E-4244-97AC-F11B3BB0FDB2}.Debug|Any CPU.Build.0 = Debug|Any CPU
		{E5F8479D-D51E-4244-97AC-F11B3BB0FDB2}.Debug|x64.ActiveCfg = Debug|Any CPU
		{E5F8479D-D51E-4244-97AC-F11B3BB0FDB2}.Debug|x64.Build.0 = Debug|Any CPU
		{E5F8479D-D51E-4244-97AC-F11B3BB0FDB2}.Debug|x86.ActiveCfg = Debug|Any CPU
		{E5F8479D-D51E-4244-97AC-F11B3BB0FDB2}.Debug|x86.Build.0 = Debug|Any CPU
		{E5F8479D-D51E-4244-97AC-F11B3BB0FDB2}.Release|Any CPU.ActiveCfg = Release|Any CPU
		{E5F8479D-D51E-4244-97AC-F11B3BB0FDB2}.Release|Any CPU.Build.0 = Release|Any CPU
		{E5F8479D-D51E-4244-97AC-F11B3BB0FDB2}.Release|x64.ActiveCfg = Release|Any CPU
		{E5F8479D-D51E-4244-97AC-F11B3BB0FDB2}.Release|x64.Build.0 = Release|Any CPU
		{E5F8479D-D51E-4244-97AC-F11B3BB0FDB2}.Release|x86.ActiveCfg = Release|Any CPU
		{E5F8479D-D51E-4244-97AC-F11B3BB0FDB2}.Release|x86.Build.0 = Release|Any CPU
	EndGlobalSection
	GlobalSection(SolutionProperties) = preSolution
		HideSolutionNode = FALSE
	EndGlobalSection
	GlobalSection(NestedProjects) = preSolution
		{918F71F0-739B-4749-A9A2-34F41799FFB6} = {CFF195CB-EDE6-46FD-BE80-A3B4F70F3E5C}
		{971C1557-D6C7-46FD-8B68-7DCF8762571D} = {CFF195CB-EDE6-46FD-BE80-A3B4F70F3E5C}
		{3AB95CA7-EC16-4068-A9C8-7E19141F4EF0} = {971C1557-D6C7-46FD-8B68-7DCF8762571D}
		{3376E3D4-4314-4FAF-92B7-C0D7B95C7C55} = {971C1557-D6C7-46FD-8B68-7DCF8762571D}
		{D7080C06-35C9-4ED6-8C5C-C6AEED4423B1} = {971C1557-D6C7-46FD-8B68-7DCF8762571D}
		{6C2069E4-A4B5-4929-A34D-D0D3F0F2614F} = {26C891A7-17A2-47AE-AFA1-D3647EC98F23}
		{368EA70D-0258-4CED-AEF7-F8865D2BFE8E} = {26C891A7-17A2-47AE-AFA1-D3647EC98F23}
		{813E1FF6-1D77-4F05-8A46-C1A07D23D6FD} = {26C891A7-17A2-47AE-AFA1-D3647EC98F23}
		{773F7463-CA46-41E0-8572-1262C096B2B2} = {26C891A7-17A2-47AE-AFA1-D3647EC98F23}
		{26C891A7-17A2-47AE-AFA1-D3647EC98F23} = {918F71F0-739B-4749-A9A2-34F41799FFB6}
		{7B8322C9-A73A-4E2D-98EF-3D661E4C009C} = {884725A7-A9E2-4BB6-BF44-FAA123B5315C}
		{D03AFC4C-0EC2-461C-AB18-E02843DD7101} = {7B8322C9-A73A-4E2D-98EF-3D661E4C009C}
		{C2D3383A-AE7C-4745-95F4-13C909BA6ABD} = {D03AFC4C-0EC2-461C-AB18-E02843DD7101}
		{FDBC17A7-D435-49F0-906D-A46A3C7E101F} = {CFF195CB-EDE6-46FD-BE80-A3B4F70F3E5C}
		{E860E5E5-AF46-4A55-8146-444CDD697E1D} = {971C1557-D6C7-46FD-8B68-7DCF8762571D}
		{067C126F-389F-4654-8F38-A141CF07268D} = {D03AFC4C-0EC2-461C-AB18-E02843DD7101}
		{6323262A-BB2A-49F0-BB99-9C84D9B63710} = {CFF195CB-EDE6-46FD-BE80-A3B4F70F3E5C}
		{4CEBB570-26F9-4336-8D2B-6A81B4C22BE9} = {6323262A-BB2A-49F0-BB99-9C84D9B63710}
		{E1F84EFF-FF59-4026-8F75-2AA8A5BFCF92} = {6323262A-BB2A-49F0-BB99-9C84D9B63710}
		{1BF1371C-9148-4CD6-8C5A-77DED2D719E5} = {26C891A7-17A2-47AE-AFA1-D3647EC98F23}
		{001B5C16-B865-021F-E6FD-FDDA80DFDB28} = {FDBC17A7-D435-49F0-906D-A46A3C7E101F}
		{0A6ABBC3-1029-7714-C9E4-5E8DA0543FF4} = {884725A7-A9E2-4BB6-BF44-FAA123B5315C}
		{A44B2FFF-4569-4EE5-8D71-4048E3455A90} = {0A6ABBC3-1029-7714-C9E4-5E8DA0543FF4}
		{E5F8479D-D51E-4244-97AC-F11B3BB0FDB2} = {D03AFC4C-0EC2-461C-AB18-E02843DD7101}
	EndGlobalSection
	GlobalSection(ExtensibilityGlobals) = postSolution
		SolutionGuid = {2B50D82E-D390-4C28-9421-AA48C3A37ACA}
	EndGlobalSection
EndGlobal
